
Microsoft Visual Studio Solution File, Format Version 12.00
# Visual Studio Version 17
VisualStudioVersion = 17.1.32421.90
MinimumVisualStudioVersion = 10.0.40219.1
Project("{FAE04EC0-301F-11D3-BF4B-00C04F79EFBC}") = "Calculator", "Calculator\Calculator.csproj", "{95D3D3CF-ED71-47A5-82F5-AB8E7DA1E86A}"
EndProject
Global
	GlobalSection(SolutionConfigurationPlatforms) = preSolution
		Debug|Any CPU = Debug|Any CPU
		Release|Any CPU = Release|Any CPU
	EndGlobalSection
	GlobalSection(ProjectConfigurationPlatforms) = postSolution
		{95D3D3CF-ED71-47A5-82F5-AB8E7DA1E86A}.Debug|Any CPU.ActiveCfg = Debug|Any CPU
		{95D3D3CF-ED71-47A5-82F5-AB8E7DA1E86A}.Debug|Any CPU.Build.0 = Debug|Any CPU
		{95D3D3CF-ED71-47A5-82F5-AB8E7DA1E86A}.Release|Any CPU.ActiveCfg = Release|Any CPU
		{95D3D3CF-ED71-47A5-82F5-AB8E7DA1E86A}.Release|Any CPU.Build.0 = Release|Any CPU
	EndGlobalSection
	GlobalSection(SolutionProperties) = preSolution
		HideSolutionNode = FALSE
	EndGlobalSection
	GlobalSection(ExtensibilityGlobals) = postSolution
		SolutionGuid = {5127ED11-5A1B-4AE0-A6B9-A97D8F86D9DE}
	EndGlobalSection
EndGlobal
